
Microsoft Visual Studio Solution File, Format Version 12.00
# Visual Studio Version 16
VisualStudioVersion = 16.0.29424.173
MinimumVisualStudioVersion = 10.0.40219.1
Project("{FAE04EC0-301F-11D3-BF4B-00C04F79EFBC}") = "Gauss_Seidel", "Gauss_Seidel\Gauss_Seidel.csproj", "{DFC210D8-D4BB-473D-A803-62D862704953}"
EndProject
Global
	GlobalSection(SolutionConfigurationPlatforms) = preSolution
		Debug|Any CPU = Debug|Any CPU
		Release|Any CPU = Release|Any CPU
	EndGlobalSection
	GlobalSection(ProjectConfigurationPlatforms) = postSolution
		{DFC210D8-D4BB-473D-A803-62D862704953}.Debug|Any CPU.ActiveCfg = Debug|Any CPU
		{DFC210D8-D4BB-473D-A803-62D862704953}.Debug|Any CPU.Build.0 = Debug|Any CPU
		{DFC210D8-D4BB-473D-A803-62D862704953}.Release|Any CPU.ActiveCfg = Release|Any CPU
		{DFC210D8-D4BB-473D-A803-62D862704953}.Release|Any CPU.Build.0 = Release|Any CPU
	EndGlobalSection
	GlobalSection(SolutionProperties) = preSolution
		HideSolutionNode = FALSE
	EndGlobalSection
	GlobalSection(ExtensibilityGlobals) = postSolution
		SolutionGuid = {2E034BF0-A072-4100-9F3A-8C9E83D13BF5}
	EndGlobalSection
EndGlobal
